
Microsoft Visual Studio Solution File, Format Version 12.00
# Visual Studio Version 16
VisualStudioVersion = 16.0.30804.86
MinimumVisualStudioVersion = 10.0.40219.1
Project("{2150E333-8FDC-42A3-9474-1A3956D46DE8}") = "Class projects", "Class projects", "{AF7F9AA1-4B93-486A-9793-559D18497D8D}"
EndProject
Project("{9A19103F-16F7-4668-BE54-9A1E7A4F7556}") = "Json.Library", "Json.Library\Json.Library.csproj", "{E564DDBA-21CD-42D4-A3C8-91201BC6B229}"
EndProject
Project("{9A19103F-16F7-4668-BE54-9A1E7A4F7556}") = "ContainerLibrary", "ContainerLibrary\ContainerLibrary.csproj", "{33A5F7FE-2F88-47C0-A574-B18EF156A398}"
EndProject
Project("{2150E333-8FDC-42A3-9474-1A3956D46DE8}") = "Unit test projects", "Unit test projects", "{0D402B7E-B3CF-43C3-A364-85AEC5690A9C}"
EndProject
Project("{9A19103F-16F7-4668-BE54-9A1E7A4F7556}") = "JsonTestProject", "JsonTestProject\JsonTestProject.csproj", "{520ED2E1-4513-4953-B24A-D9311ED2BB0F}"
EndProject
Project("{2150E333-8FDC-42A3-9474-1A3956D46DE8}") = "Solution Items", "Solution Items", "{B61D16AC-3A70-4958-B1EF-FC0B36338C6C}"
	ProjectSection(SolutionItems) = preProject
		article_1.md = article_1.md
		readme.md = readme.md
	EndProjectSection
EndProject
Project("{9A19103F-16F7-4668-BE54-9A1E7A4F7556}") = "ConfigurationHelper", "ConfigurationHelper\ConfigurationHelper.csproj", "{FEAED0D8-476F-4B77-9CCF-4FEE53E18BA3}"
EndProject
Project("{2150E333-8FDC-42A3-9474-1A3956D46DE8}") = "OED Training", "OED Training", "{4C4B26D3-F905-46A9-8A14-AD73C3B5DE7E}"
EndProject
Project("{9A19103F-16F7-4668-BE54-9A1E7A4F7556}") = "GenerateJson", "GenerateJson\GenerateJson.csproj", "{A8B4D768-0638-4A56-826F-31D7104383B3}"
EndProject
Project("{FAE04EC0-301F-11D3-BF4B-00C04F79EFBC}") = "BaseUnitTestProject1", "BaseUnitTestProject1\BaseUnitTestProject1.csproj", "{43C9F8EF-3256-476A-8BED-30E1C1712F89}"
EndProject
Global
	GlobalSection(SolutionConfigurationPlatforms) = preSolution
		Debug|Any CPU = Debug|Any CPU
		Release|Any CPU = Release|Any CPU
	EndGlobalSection
	GlobalSection(ProjectConfigurationPlatforms) = postSolution
		{E564DDBA-21CD-42D4-A3C8-91201BC6B229}.Debug|Any CPU.ActiveCfg = Debug|Any CPU
		{E564DDBA-21CD-42D4-A3C8-91201BC6B229}.Debug|Any CPU.Build.0 = Debug|Any CPU
		{E564DDBA-21CD-42D4-A3C8-91201BC6B229}.Release|Any CPU.ActiveCfg = Release|Any CPU
		{E564DDBA-21CD-42D4-A3C8-91201BC6B229}.Release|Any CPU.Build.0 = Release|Any CPU
		{33A5F7FE-2F88-47C0-A574-B18EF156A398}.Debug|Any CPU.ActiveCfg = Debug|Any CPU
		{33A5F7FE-2F88-47C0-A574-B18EF156A398}.Debug|Any CPU.Build.0 = Debug|Any CPU
		{33A5F7FE-2F88-47C0-A574-B18EF156A398}.Release|Any CPU.ActiveCfg = Release|Any CPU
		{33A5F7FE-2F88-47C0-A574-B18EF156A398}.Release|Any CPU.Build.0 = Release|Any CPU
		{520ED2E1-4513-4953-B24A-D9311ED2BB0F}.Debug|Any CPU.ActiveCfg = Debug|Any CPU
		{520ED2E1-4513-4953-B24A-D9311ED2BB0F}.Debug|Any CPU.Build.0 = Debug|Any CPU
		{520ED2E1-4513-4953-B24A-D9311ED2BB0F}.Release|Any CPU.ActiveCfg = Release|Any CPU
		{520ED2E1-4513-4953-B24A-D9311ED2BB0F}.Release|Any CPU.Build.0 = Release|Any CPU
		{FEAED0D8-476F-4B77-9CCF-4FEE53E18BA3}.Debug|Any CPU.ActiveCfg = Debug|Any CPU
		{FEAED0D8-476F-4B77-9CCF-4FEE53E18BA3}.Debug|Any CPU.Build.0 = Debug|Any CPU
		{FEAED0D8-476F-4B77-9CCF-4FEE53E18BA3}.Release|Any CPU.ActiveCfg = Release|Any CPU
		{FEAED0D8-476F-4B77-9CCF-4FEE53E18BA3}.Release|Any CPU.Build.0 = Release|Any CPU
		{A8B4D768-0638-4A56-826F-31D7104383B3}.Debug|Any CPU.ActiveCfg = Debug|Any CPU
		{A8B4D768-0638-4A56-826F-31D7104383B3}.Debug|Any CPU.Build.0 = Debug|Any CPU
		{A8B4D768-0638-4A56-826F-31D7104383B3}.Release|Any CPU.ActiveCfg = Release|Any CPU
		{A8B4D768-0638-4A56-826F-31D7104383B3}.Release|Any CPU.Build.0 = Release|Any CPU
		{43C9F8EF-3256-476A-8BED-30E1C1712F89}.Debug|Any CPU.ActiveCfg = Debug|Any CPU
		{43C9F8EF-3256-476A-8BED-30E1C1712F89}.Debug|Any CPU.Build.0 = Debug|Any CPU
		{43C9F8EF-3256-476A-8BED-30E1C1712F89}.Release|Any CPU.ActiveCfg = Release|Any CPU
		{43C9F8EF-3256-476A-8BED-30E1C1712F89}.Release|Any CPU.Build.0 = Release|Any CPU
	EndGlobalSection
	GlobalSection(SolutionProperties) = preSolution
		HideSolutionNode = FALSE
	EndGlobalSection
	GlobalSection(NestedProjects) = preSolution
		{E564DDBA-21CD-42D4-A3C8-91201BC6B229} = {AF7F9AA1-4B93-486A-9793-559D18497D8D}
		{33A5F7FE-2F88-47C0-A574-B18EF156A398} = {AF7F9AA1-4B93-486A-9793-559D18497D8D}
		{520ED2E1-4513-4953-B24A-D9311ED2BB0F} = {0D402B7E-B3CF-43C3-A364-85AEC5690A9C}
		{FEAED0D8-476F-4B77-9CCF-4FEE53E18BA3} = {AF7F9AA1-4B93-486A-9793-559D18497D8D}
		{A8B4D768-0638-4A56-826F-31D7104383B3} = {4C4B26D3-F905-46A9-8A14-AD73C3B5DE7E}
		{43C9F8EF-3256-476A-8BED-30E1C1712F89} = {0D402B7E-B3CF-43C3-A364-85AEC5690A9C}
	EndGlobalSection
	GlobalSection(ExtensibilityGlobals) = postSolution
		SolutionGuid = {2415F93F-8DDB-4843-9A13-2CF9150D5E9F}
	EndGlobalSection
EndGlobal
